
Microsoft Visual Studio Solution File, Format Version 12.00
Project("{FAE04EC0-301F-11D3-BF4B-00C04F79EFBC}") = "TaskScheduler", "TaskScheduler\TaskScheduler.csproj", "{8B0B250A-B03E-4A19-9475-0694C47E5BDC}"
EndProject
Global
	GlobalSection(SolutionConfigurationPlatforms) = preSolution
		Debug|Any CPU = Debug|Any CPU
		Release|Any CPU = Release|Any CPU
	EndGlobalSection
	GlobalSection(ProjectConfigurationPlatforms) = postSolution
		{8B0B250A-B03E-4A19-9475-0694C47E5BDC}.Debug|Any CPU.ActiveCfg = Debug|Any CPU
		{8B0B250A-B03E-4A19-9475-0694C47E5BDC}.Debug|Any CPU.Build.0 = Debug|Any CPU
		{8B0B250A-B03E-4A19-9475-0694C47E5BDC}.Release|Any CPU.ActiveCfg = Release|Any CPU
		{8B0B250A-B03E-4A19-9475-0694C47E5BDC}.Release|Any CPU.Build.0 = Release|Any CPU
	EndGlobalSection
EndGlobal
